// !$*UTF8*$!
{
	archiveVersion = 1;
	classes = {
	};
	objectVersion = 46;
	objects = {

/* Begin PBXBuildFile section */
		110894891BE15B680099BFCB /* AppDelegate.swift in Sources */ = {isa = PBXBuildFile; fileRef = 110894881BE15B680099BFCB /* AppDelegate.swift */; };
		1108948B1BE15B680099BFCB /* ViewController.swift in Sources */ = {isa = PBXBuildFile; fileRef = 1108948A1BE15B680099BFCB /* ViewController.swift */; };
		1108948E1BE15B680099BFCB /* Main.storyboard in Resources */ = {isa = PBXBuildFile; fileRef = 1108948C1BE15B680099BFCB /* Main.storyboard */; };
		110894901BE15B680099BFCB /* Assets.xcassets in Resources */ = {isa = PBXBuildFile; fileRef = 1108948F1BE15B680099BFCB /* Assets.xcassets */; };
		110894931BE15B680099BFCB /* LaunchScreen.storyboard in Resources */ = {isa = PBXBuildFile; fileRef = 110894911BE15B680099BFCB /* LaunchScreen.storyboard */; };
		1108949C1BE15E810099BFCB /* Book.swift in Sources */ = {isa = PBXBuildFile; fileRef = 1108949B1BE15E810099BFCB /* Book.swift */; };
		1108949E1BE15EFD0099BFCB /* TableWithEditIconsController.swift in Sources */ = {isa = PBXBuildFile; fileRef = 1108949D1BE15EFD0099BFCB /* TableWithEditIconsController.swift */; };
		110894A41BE169050099BFCB /* BookTableViewCell.swift in Sources */ = {isa = PBXBuildFile; fileRef = 110894A31BE169050099BFCB /* BookTableViewCell.swift */; };
		110894A81BE16E8E0099BFCB /* EditButtonIcon.png in Resources */ = {isa = PBXBuildFile; fileRef = 110894A51BE16E8E0099BFCB /* EditButtonIcon.png */; };
		110894A91BE16E8E0099BFCB /* EditButtonIcon@2x.png in Resources */ = {isa = PBXBuildFile; fileRef = 110894A61BE16E8E0099BFCB /* EditButtonIcon@2x.png */; };
		110894AA1BE16E8E0099BFCB /* EditButtonIcon@3x.png in Resources */ = {isa = PBXBuildFile; fileRef = 110894A71BE16E8E0099BFCB /* EditButtonIcon@3x.png */; };
/* End PBXBuildFile section */

/* Begin PBXFileReference section */
		110894851BE15B680099BFCB /* UITableViewRowEditIcon.app */ = {isa = PBXFileReference; explicitFileType = wrapper.application; includeInIndex = 0; path = UITableViewRowEditIcon.app; sourceTree = BUILT_PRODUCTS_DIR; };
		110894881BE15B680099BFCB /* AppDelegate.swift */ = {isa = PBXFileReference; lastKnownFileType = sourcecode.swift; path = AppDelegate.swift; sourceTree = "<group>"; };
		1108948A1BE15B680099BFCB /* ViewController.swift */ = {isa = PBXFileReference; lastKnownFileType = sourcecode.swift; path = ViewController.swift; sourceTree = "<group>"; };
		1108948D1BE15B680099BFCB /* Base */ = {isa = PBXFileReference; lastKnownFileType = file.storyboard; name = Base; path = Base.lproj/Main.storyboard; sourceTree = "<group>"; };
		1108948F1BE15B680099BFCB /* Assets.xcassets */ = {isa = PBXFileReference; lastKnownFileType = folder.assetcatalog; path = Assets.xcassets; sourceTree = "<group>"; };
		110894921BE15B680099BFCB /* Base */ = {isa = PBXFileReference; lastKnownFileType = file.storyboard; name = Base; path = Base.lproj/LaunchScreen.storyboard; sourceTree = "<group>"; };
		110894941BE15B680099BFCB /* Info.plist */ = {isa = PBXFileReference; lastKnownFileType = text.plist.xml; path = Info.plist; sourceTree = "<group>"; };
		1108949B1BE15E810099BFCB /* Book.swift */ = {isa = PBXFileReference; fileEncoding = 4; lastKnownFileType = sourcecode.swift; path = Book.swift; sourceTree = "<group>"; };
		1108949D1BE15EFD0099BFCB /* TableWithEditIconsController.swift */ = {isa = PBXFileReference; fileEncoding = 4; lastKnownFileType = sourcecode.swift; path = TableWithEditIconsController.swift; sourceTree = "<group>"; };
		110894A31BE169050099BFCB /* BookTableViewCell.swift */ = {isa = PBXFileReference; fileEncoding = 4; lastKnownFileType = sourcecode.swift; path = BookTableViewCell.swift; sourceTree = "<group>"; };
		110894A51BE16E8E0099BFCB /* EditButtonIcon.png */ = {isa = PBXFileReference; lastKnownFileType = image.png; path = EditButtonIcon.png; sourceTree = "<group>"; };
		110894A61BE16E8E0099BFCB /* EditButtonIcon@2x.png */ = {isa = PBXFileReference; lastKnownFileType = image.png; path = "EditButtonIcon@2x.png"; sourceTree = "<group>"; };
		110894A71BE16E8E0099BFCB /* EditButtonIcon@3x.png */ = {isa = PBXFileReference; lastKnownFileType = image.png; path = "EditButtonIcon@3x.png"; sourceTree = "<group>"; };
/* End PBXFileReference section */

/* Begin PBXFrameworksBuildPhase section */
		110894821BE15B680099BFCB /* Frameworks */ = {
			isa = PBXFrameworksBuildPhase;
			buildActionMask = 2147483647;
			files = (
			);
			runOnlyForDeploymentPostprocessing = 0;
		};
/* End PBXFrameworksBuildPhase section */

/* Begin PBXGroup section */
		1108947C1BE15B670099BFCB = {
			isa = PBXGroup;
			children = (
				110894871BE15B680099BFCB /* UITableViewRowEditIcon */,
				110894861BE15B680099BFCB /* Products */,
			);
			sourceTree = "<group>";
		};
		110894861BE15B680099BFCB /* Products */ = {
			isa = PBXGroup;
			children = (
				110894851BE15B680099BFCB /* UITableViewRowEditIcon.app */,
			);
			name = Products;
			sourceTree = "<group>";
		};
		110894871BE15B680099BFCB /* UITableViewRowEditIcon */ = {
			isa = PBXGroup;
			children = (
				110894881BE15B680099BFCB /* AppDelegate.swift */,
				1108948A1BE15B680099BFCB /* ViewController.swift */,
				1108949D1BE15EFD0099BFCB /* TableWithEditIconsController.swift */,
				110894A31BE169050099BFCB /* BookTableViewCell.swift */,
				1108949B1BE15E810099BFCB /* Book.swift */,
				1108948C1BE15B680099BFCB /* Main.storyboard */,
				1108948F1BE15B680099BFCB /* Assets.xcassets */,
				110894911BE15B680099BFCB /* LaunchScreen.storyboard */,
				110894941BE15B680099BFCB /* Info.plist */,
				1108949A1BE15B760099BFCB /* Images */,
			);
			path = UITableViewRowEditIcon;
			sourceTree = "<group>";
		};
		1108949A1BE15B760099BFCB /* Images */ = {
			isa = PBXGroup;
			children = (
				110894A51BE16E8E0099BFCB /* EditButtonIcon.png */,
				110894A61BE16E8E0099BFCB /* EditButtonIcon@2x.png */,
				110894A71BE16E8E0099BFCB /* EditButtonIcon@3x.png */,
			);
			name = Images;
			sourceTree = "<group>";
		};
/* End PBXGroup section */

/* Begin PBXNativeTarget section */
		110894841BE15B680099BFCB /* UITableViewRowEditIcon */ = {
			isa = PBXNativeTarget;
			buildConfigurationList = 110894971BE15B680099BFCB /* Build configuration list for PBXNativeTarget "UITableViewRowEditIcon" */;
			buildPhases = (
				110894811BE15B680099BFCB /* Sources */,
				110894821BE15B680099BFCB /* Frameworks */,
				110894831BE15B680099BFCB /* Resources */,
			);
			buildRules = (
			);
			dependencies = (
			);
			name = UITableViewRowEditIcon;
			productName = UITableViewRowEditIcon;
			productReference = 110894851BE15B680099BFCB /* UITableViewRowEditIcon.app */;
			productType = "com.apple.product-type.application";
		};
/* End PBXNativeTarget section */

/* Begin PBXProject section */
		1108947D1BE15B670099BFCB /* Project object */ = {
			isa = PBXProject;
			attributes = {
				LastSwiftUpdateCheck = 0710;
				LastUpgradeCheck = 1150;
				ORGANIZATIONNAME = LawrenceM;
				TargetAttributes = {
					110894841BE15B680099BFCB = {
						CreatedOnToolsVersion = 7.1;
						LastSwiftMigration = 1150;
					};
				};
			};
			buildConfigurationList = 110894801BE15B670099BFCB /* Build configuration list for PBXProject "UITableViewRowEditIcon" */;
			compatibilityVersion = "Xcode 3.2";
			developmentRegion = en;
			hasScannedForEncodings = 0;
			knownRegions = (
				en,
				Base,
			);
			mainGroup = 1108947C1BE15B670099BFCB;
			productRefGroup = 110894861BE15B680099BFCB /* Products */;
			projectDirPath = "";
			projectRoot = "";
			targets = (
				110894841BE15B680099BFCB /* UITableViewRowEditIcon */,
			);
		};
/* End PBXProject section */

/* Begin PBXResourcesBuildPhase section */
		110894831BE15B680099BFCB /* Resources */ = {
			isa = PBXResourcesBuildPhase;
			buildActionMask = 2147483647;
			files = (
				110894AA1BE16E8E0099BFCB /* EditButtonIcon@3x.png in Resources */,
				110894A81BE16E8E0099BFCB /* EditButtonIcon.png in Resources */,
				110894931BE15B680099BFCB /* LaunchScreen.storyboard in Resources */,
				110894901BE15B680099BFCB /* Assets.xcassets in Resources */,
				1108948E1BE15B680099BFCB /* Main.storyboard in Resources */,
				110894A91BE16E8E0099BFCB /* EditButtonIcon@2x.png in Resources */,
			);
			runOnlyForDeploymentPostprocessing = 0;
		};
/* End PBXResourcesBuildPhase section */

/* Begin PBXSourcesBuildPhase section */
		110894811BE15B680099BFCB /* Sources */ = {
			isa = PBXSourcesBuildPhase;
			buildActionMask = 2147483647;
			files = (
				1108948B1BE15B680099BFCB /* ViewController.swift in Sources */,
				110894891BE15B680099BFCB /* AppDelegate.swift in Sources */,
				1108949C1BE15E810099BFCB /* Book.swift in Sources */,
				110894A41BE169050099BFCB /* BookTableViewCell.swift in Sources */,
				1108949E1BE15EFD0099BFCB /* TableWithEditIconsController.swift in Sources */,
			);
			runOnlyForDeploymentPostprocessing = 0;
		};
/* End PBXSourcesBuildPhase section */

/* Begin PBXVariantGroup section */
		1108948C1BE15B680099BFCB /* Main.storyboard */ = {
			isa = PBXVariantGroup;
			children = (
				1108948D1BE15B680099BFCB /* Base */,
			);
			name = Main.storyboard;
			sourceTree = "<group>";
		};
		110894911BE15B680099BFCB /* LaunchScreen.storyboard */ = {
			isa = PBXVariantGroup;
			children = (
				110894921BE15B680099BFCB /* Base */,
			);
			name = LaunchScreen.storyboard;
			sourceTree = "<group>";
		};
/* End PBXVariantGroup section */

/* Begin XCBuildConfiguration section */
		110894951BE15B680099BFCB /* Debug */ = {
			isa = XCBuildConfiguration;
			buildSettings = {
				ALWAYS_SEARCH_USER_PATHS = NO;
				CLANG_CXX_LANGUAGE_STANDARD = "gnu++0x";
				CLANG_CXX_LIBRARY = "libc++";
				CLANG_ENABLE_MODULES = YES;
				CLANG_ENABLE_OBJC_ARC = YES;
				CLANG_WARN_BLOCK_CAPTURE_AUTORELEASING = YES;
				CLANG_WARN_BOOL_CONVERSION = YES;
				CLANG_WARN_COMMA = YES;
				CLANG_WARN_CONSTANT_CONVERSION = YES;
				CLANG_WARN_DEPRECATED_OBJC_IMPLEMENTATIONS = YES;
				CLANG_WARN_DIRECT_OBJC_ISA_USAGE = YES_ERROR;
				CLANG_WARN_EMPTY_BODY = YES;
				CLANG_WARN_ENUM_CONVERSION = YES;
				CLANG_WARN_INFINITE_RECURSION = YES;
				CLANG_WARN_INT_CONVERSION = YES;
				CLANG_WARN_NON_LITERAL_NULL_CONVERSION = YES;
				CLANG_WARN_OBJC_IMPLICIT_RETAIN_SELF = YES;
				CLANG_WARN_OBJC_LITERAL_CONVERSION = YES;
				CLANG_WARN_OBJC_ROOT_CLASS = YES_ERROR;
				CLANG_WARN_RANGE_LOOP_ANALYSIS = YES;
				CLANG_WARN_STRICT_PROTOTYPES = YES;
				CLANG_WARN_SUSPICIOUS_MOVE = YES;
				CLANG_WARN_UNREACHABLE_CODE = YES;
				CLANG_WARN__DUPLICATE_METHOD_MATCH = YES;
				"CODE_SIGN_IDENTITY[sdk=iphoneos*]" = "iPhone Developer";
				COPY_PHASE_STRIP = NO;
				DEBUG_INFORMATION_FORMAT = dwarf;
				ENABLE_STRICT_OBJC_MSGSEND = YES;
				ENABLE_TESTABILITY = YES;
				GCC_C_LANGUAGE_STANDARD = gnu99;
				GCC_DYNAMIC_NO_PIC = NO;
				GCC_NO_COMMON_BLOCKS = YES;
				GCC_OPTIMIZATION_LEVEL = 0;
				GCC_PREPROCESSOR_DEFINITIONS = (
					"DEBUG=1",
					"$(inherited)",
				);
				GCC_WARN_64_TO_32_BIT_CONVERSION = YES;
				GCC_WARN_ABOUT_RETURN_TYPE = YES_ERROR;
				GCC_WARN_UNDECLARED_SELECTOR = YES;
				GCC_WARN_UNINITIALIZED_AUTOS = YES_AGGRESSIVE;
				GCC_WARN_UNUSED_FUNCTION = YES;
				GCC_WARN_UNUSED_VARIABLE = YES;
				IPHONEOS_DEPLOYMENT_TARGET = 9.1;
				MTL_ENABLE_DEBUG_INFO = YES;
				ONLY_ACTIVE_ARCH = YES;
				SDKROOT = iphoneos;
				SWIFT_OPTIMIZATION_LEVEL = "-Onone";
				TARGETED_DEVICE_FAMILY = "1,2";
			};
			name = Debug;
		};
		110894961BE15B680099BFCB /* Release */ = {
			isa = XCBuildConfiguration;
			buildSettings = {
				ALWAYS_SEARCH_USER_PATHS = NO;
				CLANG_CXX_LANGUAGE_STANDARD = "gnu++0x";
				CLANG_CXX_LIBRARY = "libc++";
				CLANG_ENABLE_MODULES = YES;
				CLANG_ENABLE_OBJC_ARC = YES;
				CLANG_WARN_BLOCK_CAPTURE_AUTORELEASING = YES;
				CLANG_WARN_BOOL_CONVERSION = YES;
				CLANG_WARN_COMMA = YES;
				CLANG_WARN_CONSTANT_CONVERSION = YES;
				CLANG_WARN_DEPRECATED_OBJC_IMPLEMENTATIONS = YES;
				CLANG_WARN_DIRECT_OBJC_ISA_USAGE = YES_ERROR;
				CLANG_WARN_EMPTY_BODY = YES;
				CLANG_WARN_ENUM_CONVERSION = YES;
				CLANG_WARN_INFINITE_RECURSION = YES;
				CLANG_WARN_INT_CONVERSION = YES;
				CLANG_WARN_NON_LITERAL_NULL_CONVERSION = YES;
				CLANG_WARN_OBJC_IMPLICIT_RETAIN_SELF = YES;
				CLANG_WARN_OBJC_LITERAL_CONVERSION = YES;
				CLANG_WARN_OBJC_ROOT_CLASS = YES_ERROR;
				CLANG_WARN_RANGE_LOOP_ANALYSIS = YES;
				CLANG_WARN_STRICT_PROTOTYPES = YES;
				CLANG_WARN_SUSPICIOUS_MOVE = YES;
				CLANG_WARN_UNREACHABLE_CODE = YES;
				CLANG_WARN__DUPLICATE_METHOD_MATCH = YES;
				"CODE_SIGN_IDENTITY[sdk=iphoneos*]" = "iPhone Developer";
				COPY_PHASE_STRIP = NO;
				DEBUG_INFORMATION_FORMAT = "dwarf-with-dsym";
				ENABLE_NS_ASSERTIONS = NO;
				ENABLE_STRICT_OBJC_MSGSEND = YES;
				GCC_C_LANGUAGE_STANDARD = gnu99;
				GCC_NO_COMMON_BLOCKS = YES;
				GCC_WARN_64_TO_32_BIT_CONVERSION = YES;
				GCC_WARN_ABOUT_RETURN_TYPE = YES_ERROR;
				GCC_WARN_UNDECLARED_SELECTOR = YES;
				GCC_WARN_UNINITIALIZED_AUTOS = YES_AGGRESSIVE;
				GCC_WARN_UNUSED_FUNCTION = YES;
				GCC_WARN_UNUSED_VARIABLE = YES;
				IPHONEOS_DEPLOYMENT_TARGET = 9.1;
				MTL_ENABLE_DEBUG_INFO = NO;
				SDKROOT = iphoneos;
				SWIFT_COMPILATION_MODE = wholemodule;
				TARGETED_DEVICE_FAMILY = "1,2";
				VALIDATE_PRODUCT = YES;
			};
			name = Release;
		};
		110894981BE15B680099BFCB /* Debug */ = {
			isa = XCBuildConfiguration;
			buildSettings = {
				ASSETCATALOG_COMPILER_APPICON_NAME = AppIcon;
				INFOPLIST_FILE = UITableViewRowEditIcon/Info.plist;
				LD_RUNPATH_SEARCH_PATHS = "$(inherited) @executable_path/Frameworks";
				PRODUCT_BUNDLE_IDENTIFIER = com.lawrencem.UITableViewRowEditIcon;
				PRODUCT_NAME = "$(TARGET_NAME)";
				SWIFT_SWIFT3_OBJC_INFERENCE = Default;
				SWIFT_VERSION = 5.0;
			};
			name = Debug;
		};
		110894991BE15B680099BFCB /* Release */ = {
			isa = XCBuildConfiguration;
			buildSettings = {
				ASSETCATALOG_COMPILER_APPICON_NAME = AppIcon;
				INFOPLIST_FILE = UITableViewRowEditIcon/Info.plist;
				LD_RUNPATH_SEARCH_PATHS = "$(inherited) @executable_path/Frameworks";
				PRODUCT_BUNDLE_IDENTIFIER = com.lawrencem.UITableViewRowEditIcon;
				PRODUCT_NAME = "$(TARGET_NAME)";
				SWIFT_SWIFT3_OBJC_INFERENCE = Default;
				SWIFT_VERSION = 5.0;
			};
			name = Release;
		};
/* End XCBuildConfiguration section */

/* Begin XCConfigurationList section */
		110894801BE15B670099BFCB /* Build configuration list for PBXProject "UITableViewRowEditIcon" */ = {
			isa = XCConfigurationList;
			buildConfigurations = (
				110894951BE15B680099BFCB /* Debug */,
				110894961BE15B680099BFCB /* Release */,
			);
			defaultConfigurationIsVisible = 0;
			defaultConfigurationName = Release;
		};
		110894971BE15B680099BFCB /* Build configuration list for PBXNativeTarget "UITableViewRowEditIcon" */ = {
			isa = XCConfigurationList;
			buildConfigurations = (
				110894981BE15B680099BFCB /* Debug */,
				110894991BE15B680099BFCB /* Release */,
			);
			defaultConfigurationIsVisible = 0;
			defaultConfigurationName = Release;
		};
/* End XCConfigurationList section */
	};
	rootObject = 1108947D1BE15B670099BFCB /* Project object */;
}
